
Microsoft Visual Studio Solution File, Format Version 12.00
# Visual Studio 2015
Project("{FAE04EC0-301F-11D3-BF4B-00C04F79EFBC}") = "MainGame-Nocternity-.CSharp.Plugins", "MainGame-Nocternity-.CSharp.Plugins.csproj", "{EF41DDA5-977D-3FFB-22BC-85702F19C4C6}"
EndProject
Project("{FAE04EC0-301F-11D3-BF4B-00C04F79EFBC}") = "MainGame-Nocternity-.CSharp", "MainGame-Nocternity-.CSharp.csproj", "{8DD2928B-AE25-98E2-1FF6-3F0BB8FDD9AA}"
EndProject
Project("{FAE04EC0-301F-11D3-BF4B-00C04F79EFBC}") = "MainGame-Nocternity-.CSharp.Editor", "MainGame-Nocternity-.CSharp.Editor.csproj", "{907A65DD-47ED-1929-AFEF-3B4319BEDDD0}"
EndProject
Global
	GlobalSection(SolutionConfigurationPlatforms) = preSolution
		Debug|Any CPU = Debug|Any CPU
		Release|Any CPU = Release|Any CPU
	EndGlobalSection
	GlobalSection(ProjectConfigurationPlatforms) = postSolution
		{EF41DDA5-977D-3FFB-22BC-85702F19C4C6}.Debug|Any CPU.ActiveCfg = Debug|Any CPU
		{EF41DDA5-977D-3FFB-22BC-85702F19C4C6}.Debug|Any CPU.Build.0 = Debug|Any CPU
		{EF41DDA5-977D-3FFB-22BC-85702F19C4C6}.Release|Any CPU.ActiveCfg = Release|Any CPU
		{EF41DDA5-977D-3FFB-22BC-85702F19C4C6}.Release|Any CPU.Build.0 = Release|Any CPU
		{8DD2928B-AE25-98E2-1FF6-3F0BB8FDD9AA}.Debug|Any CPU.ActiveCfg = Debug|Any CPU
		{8DD2928B-AE25-98E2-1FF6-3F0BB8FDD9AA}.Debug|Any CPU.Build.0 = Debug|Any CPU
		{8DD2928B-AE25-98E2-1FF6-3F0BB8FDD9AA}.Release|Any CPU.ActiveCfg = Release|Any CPU
		{8DD2928B-AE25-98E2-1FF6-3F0BB8FDD9AA}.Release|Any CPU.Build.0 = Release|Any CPU
		{907A65DD-47ED-1929-AFEF-3B4319BEDDD0}.Debug|Any CPU.ActiveCfg = Debug|Any CPU
		{907A65DD-47ED-1929-AFEF-3B4319BEDDD0}.Debug|Any CPU.Build.0 = Debug|Any CPU
		{907A65DD-47ED-1929-AFEF-3B4319BEDDD0}.Release|Any CPU.ActiveCfg = Release|Any CPU
		{907A65DD-47ED-1929-AFEF-3B4319BEDDD0}.Release|Any CPU.Build.0 = Release|Any CPU
	EndGlobalSection
	GlobalSection(SolutionProperties) = preSolution
		HideSolutionNode = FALSE
	EndGlobalSection
EndGlobal
